// !$*UTF8*$!
{
	archiveVersion = 1;
	classes = {
	};
	objectVersion = 48;
	objects = {

/* Begin PBXBuildFile section */
		23145838200470900031DDD0 /* Item.swift in Sources */ = {isa = PBXBuildFile; fileRef = 23145837200470900031DDD0 /* Item.swift */; };
		2314583A2004709C0031DDD0 /* Category.swift in Sources */ = {isa = PBXBuildFile; fileRef = 231458392004709C0031DDD0 /* Category.swift */; };
		2314583C20082B4A0031DDD0 /* SwipeTableViewController.swift in Sources */ = {isa = PBXBuildFile; fileRef = 2314583B20082B4A0031DDD0 /* SwipeTableViewController.swift */; };
		232ABAAD2001930800F39B40 /* AppDelegate.swift in Sources */ = {isa = PBXBuildFile; fileRef = 232ABAAC2001930800F39B40 /* AppDelegate.swift */; };
		232ABAAF2001930800F39B40 /* TodoListViewController.swift in Sources */ = {isa = PBXBuildFile; fileRef = 232ABAAE2001930800F39B40 /* TodoListViewController.swift */; };
		232ABAB22001930800F39B40 /* Main.storyboard in Resources */ = {isa = PBXBuildFile; fileRef = 232ABAB02001930800F39B40 /* Main.storyboard */; };
		232ABAB42001930800F39B40 /* Assets.xcassets in Resources */ = {isa = PBXBuildFile; fileRef = 232ABAB32001930800F39B40 /* Assets.xcassets */; };
		232ABAB72001930800F39B40 /* LaunchScreen.storyboard in Resources */ = {isa = PBXBuildFile; fileRef = 232ABAB52001930800F39B40 /* LaunchScreen.storyboard */; };
		232ABAE92002E34800F39B40 /* CategoryViewController.swift in Sources */ = {isa = PBXBuildFile; fileRef = 232ABAE82002E34800F39B40 /* CategoryViewController.swift */; };
		C92D2BC4A37A112D13D5EE6A /* Pods_Todoey.framework in Frameworks */ = {isa = PBXBuildFile; fileRef = E274DFDCD15EBFE92FD40F99 /* Pods_Todoey.framework */; };
/* End PBXBuildFile section */

/* Begin PBXFileReference section */
		12C8149C32DD1B2FE2EB0CF4 /* Pods-Todoey.release.xcconfig */ = {isa = PBXFileReference; includeInIndex = 1; lastKnownFileType = text.xcconfig; name = "Pods-Todoey.release.xcconfig"; path = "Pods/Target Support Files/Pods-Todoey/Pods-Todoey.release.xcconfig"; sourceTree = "<group>"; };
		23145837200470900031DDD0 /* Item.swift */ = {isa = PBXFileReference; lastKnownFileType = sourcecode.swift; path = Item.swift; sourceTree = "<group>"; };
		231458392004709C0031DDD0 /* Category.swift */ = {isa = PBXFileReference; lastKnownFileType = sourcecode.swift; path = Category.swift; sourceTree = "<group>"; };
		2314583B20082B4A0031DDD0 /* SwipeTableViewController.swift */ = {isa = PBXFileReference; lastKnownFileType = sourcecode.swift; path = SwipeTableViewController.swift; sourceTree = "<group>"; };
		232ABAA92001930800F39B40 /* Todoey.app */ = {isa = PBXFileReference; explicitFileType = wrapper.application; includeInIndex = 0; path = Todoey.app; sourceTree = BUILT_PRODUCTS_DIR; };
		232ABAAC2001930800F39B40 /* AppDelegate.swift */ = {isa = PBXFileReference; lastKnownFileType = sourcecode.swift; path = AppDelegate.swift; sourceTree = "<group>"; };
		232ABAAE2001930800F39B40 /* TodoListViewController.swift */ = {isa = PBXFileReference; lastKnownFileType = sourcecode.swift; path = TodoListViewController.swift; sourceTree = "<group>"; };
		232ABAB12001930800F39B40 /* Base */ = {isa = PBXFileReference; lastKnownFileType = file.storyboard; name = Base; path = Base.lproj/Main.storyboard; sourceTree = "<group>"; };
		232ABAB32001930800F39B40 /* Assets.xcassets */ = {isa = PBXFileReference; lastKnownFileType = folder.assetcatalog; path = Assets.xcassets; sourceTree = "<group>"; };
		232ABAB62001930800F39B40 /* Base */ = {isa = PBXFileReference; lastKnownFileType = file.storyboard; name = Base; path = Base.lproj/LaunchScreen.storyboard; sourceTree = "<group>"; };
		232ABAB82001930800F39B40 /* Info.plist */ = {isa = PBXFileReference; lastKnownFileType = text.plist.xml; path = Info.plist; sourceTree = "<group>"; };
		232ABAE82002E34800F39B40 /* CategoryViewController.swift */ = {isa = PBXFileReference; lastKnownFileType = sourcecode.swift; path = CategoryViewController.swift; sourceTree = "<group>"; };
		D8BE33D122D8BFE0D0F0499B /* Pods-Todoey.debug.xcconfig */ = {isa = PBXFileReference; includeInIndex = 1; lastKnownFileType = text.xcconfig; name = "Pods-Todoey.debug.xcconfig"; path = "Pods/Target Support Files/Pods-Todoey/Pods-Todoey.debug.xcconfig"; sourceTree = "<group>"; };
		E274DFDCD15EBFE92FD40F99 /* Pods_Todoey.framework */ = {isa = PBXFileReference; explicitFileType = wrapper.framework; includeInIndex = 0; path = Pods_Todoey.framework; sourceTree = BUILT_PRODUCTS_DIR; };
/* End PBXFileReference section */

/* Begin PBXFrameworksBuildPhase section */
		232ABAA62001930800F39B40 /* Frameworks */ = {
			isa = PBXFrameworksBuildPhase;
			buildActionMask = 2147483647;
			files = (
				C92D2BC4A37A112D13D5EE6A /* Pods_Todoey.framework in Frameworks */,
			);
			runOnlyForDeploymentPostprocessing = 0;
		};
/* End PBXFrameworksBuildPhase section */

/* Begin PBXGroup section */
		232ABAA02001930800F39B40 = {
			isa = PBXGroup;
			children = (
				232ABAAB2001930800F39B40 /* Todoey */,
				232ABAAA2001930800F39B40 /* Products */,
				C19D48AF014F19598F7C125B /* Pods */,
				45BCC6B0A70BCB89AC1A6747 /* Frameworks */,
			);
			sourceTree = "<group>";
		};
		232ABAAA2001930800F39B40 /* Products */ = {
			isa = PBXGroup;
			children = (
				232ABAA92001930800F39B40 /* Todoey.app */,
			);
			name = Products;
			sourceTree = "<group>";
		};
		232ABAAB2001930800F39B40 /* Todoey */ = {
			isa = PBXGroup;
			children = (
				232ABAAC2001930800F39B40 /* AppDelegate.swift */,
				232ABAC12001B6E300F39B40 /* Controllers */,
				232ABAC02001B6D700F39B40 /* Data Model */,
				232ABAC32001B72500F39B40 /* Views */,
				232ABAC22001B71500F39B40 /* Supporting Files */,
				232ABAB82001930800F39B40 /* Info.plist */,
			);
			path = Todoey;
			sourceTree = "<group>";
		};
		232ABAC02001B6D700F39B40 /* Data Model */ = {
			isa = PBXGroup;
			children = (
				231458392004709C0031DDD0 /* Category.swift */,
				23145837200470900031DDD0 /* Item.swift */,
			);
			path = "Data Model";
			sourceTree = "<group>";
		};
		232ABAC12001B6E300F39B40 /* Controllers */ = {
			isa = PBXGroup;
			children = (
				232ABAE82002E34800F39B40 /* CategoryViewController.swift */,
				232ABAAE2001930800F39B40 /* TodoListViewController.swift */,
				2314583B20082B4A0031DDD0 /* SwipeTableViewController.swift */,
			);
			path = Controllers;
			sourceTree = "<group>";
		};
		232ABAC22001B71500F39B40 /* Supporting Files */ = {
			isa = PBXGroup;
			children = (
				232ABAB32001930800F39B40 /* Assets.xcassets */,
				232ABAB52001930800F39B40 /* LaunchScreen.storyboard */,
			);
			path = "Supporting Files";
			sourceTree = "<group>";
		};
		232ABAC32001B72500F39B40 /* Views */ = {
			isa = PBXGroup;
			children = (
				232ABAB02001930800F39B40 /* Main.storyboard */,
			);
			path = Views;
			sourceTree = "<group>";
		};
		45BCC6B0A70BCB89AC1A6747 /* Frameworks */ = {
			isa = PBXGroup;
			children = (
				E274DFDCD15EBFE92FD40F99 /* Pods_Todoey.framework */,
			);
			name = Frameworks;
			sourceTree = "<group>";
		};
		C19D48AF014F19598F7C125B /* Pods */ = {
			isa = PBXGroup;
			children = (
				D8BE33D122D8BFE0D0F0499B /* Pods-Todoey.debug.xcconfig */,
				12C8149C32DD1B2FE2EB0CF4 /* Pods-Todoey.release.xcconfig */,
			);
			name = Pods;
			sourceTree = "<group>";
		};
/* End PBXGroup section */

/* Begin PBXNativeTarget section */
		232ABAA82001930800F39B40 /* Todoey */ = {
			isa = PBXNativeTarget;
			buildConfigurationList = 232ABABB2001930800F39B40 /* Build configuration list for PBXNativeTarget "Todoey" */;
			buildPhases = (
				F253BF60582B31638F939C58 /* [CP] Check Pods Manifest.lock */,
				232ABAA52001930800F39B40 /* Sources */,
				232ABAA62001930800F39B40 /* Frameworks */,
				232ABAA72001930800F39B40 /* Resources */,
				6E72C576F0ADF9D94F2DA365 /* [CP] Embed Pods Frameworks */,
				F235BAE909CDA0B6493FEB71 /* [CP] Copy Pods Resources */,
			);
			buildRules = (
			);
			dependencies = (
			);
			name = Todoey;
			productName = Todoey;
			productReference = 232ABAA92001930800F39B40 /* Todoey.app */;
			productType = "com.apple.product-type.application";
		};
/* End PBXNativeTarget section */

/* Begin PBXProject section */
		232ABAA12001930800F39B40 /* Project object */ = {
			isa = PBXProject;
			attributes = {
				LastSwiftUpdateCheck = 0920;
				LastUpgradeCheck = 0920;
				ORGANIZATIONNAME = "Jake Sanders";
				TargetAttributes = {
					232ABAA82001930800F39B40 = {
						CreatedOnToolsVersion = 9.2;
						ProvisioningStyle = Automatic;
					};
				};
			};
			buildConfigurationList = 232ABAA42001930800F39B40 /* Build configuration list for PBXProject "Todoey" */;
			compatibilityVersion = "Xcode 8.0";
			developmentRegion = en;
			hasScannedForEncodings = 0;
			knownRegions = (
				en,
				Base,
			);
			mainGroup = 232ABAA02001930800F39B40;
			productRefGroup = 232ABAAA2001930800F39B40 /* Products */;
			projectDirPath = "";
			projectRoot = "";
			targets = (
				232ABAA82001930800F39B40 /* Todoey */,
			);
		};
/* End PBXProject section */

/* Begin PBXResourcesBuildPhase section */
		232ABAA72001930800F39B40 /* Resources */ = {
			isa = PBXResourcesBuildPhase;
			buildActionMask = 2147483647;
			files = (
				232ABAB72001930800F39B40 /* LaunchScreen.storyboard in Resources */,
				232ABAB42001930800F39B40 /* Assets.xcassets in Resources */,
				232ABAB22001930800F39B40 /* Main.storyboard in Resources */,
			);
			runOnlyForDeploymentPostprocessing = 0;
		};
/* End PBXResourcesBuildPhase section */

/* Begin PBXShellScriptBuildPhase section */
		6E72C576F0ADF9D94F2DA365 /* [CP] Embed Pods Frameworks */ = {
			isa = PBXShellScriptBuildPhase;
			buildActionMask = 2147483647;
			files = (
			);
			inputPaths = (
				"${SRCROOT}/Pods/Target Support Files/Pods-Todoey/Pods-Todoey-frameworks.sh",
				"${BUILT_PRODUCTS_DIR}/Realm/Realm.framework",
				"${BUILT_PRODUCTS_DIR}/RealmSwift/RealmSwift.framework",
				"${BUILT_PRODUCTS_DIR}/SwipeCellKit/SwipeCellKit.framework",
			);
			name = "[CP] Embed Pods Frameworks";
			outputPaths = (
				"${TARGET_BUILD_DIR}/${FRAMEWORKS_FOLDER_PATH}/Realm.framework",
				"${TARGET_BUILD_DIR}/${FRAMEWORKS_FOLDER_PATH}/RealmSwift.framework",
				"${TARGET_BUILD_DIR}/${FRAMEWORKS_FOLDER_PATH}/SwipeCellKit.framework",
			);
			runOnlyForDeploymentPostprocessing = 0;
			shellPath = /bin/sh;
			shellScript = "\"${SRCROOT}/Pods/Target Support Files/Pods-Todoey/Pods-Todoey-frameworks.sh\"\n";
			showEnvVarsInLog = 0;
		};
		F235BAE909CDA0B6493FEB71 /* [CP] Copy Pods Resources */ = {
			isa = PBXShellScriptBuildPhase;
			buildActionMask = 2147483647;
			files = (
			);
			inputPaths = (
			);
			name = "[CP] Copy Pods Resources";
			outputPaths = (
			);
			runOnlyForDeploymentPostprocessing = 0;
			shellPath = /bin/sh;
			shellScript = "\"${SRCROOT}/Pods/Target Support Files/Pods-Todoey/Pods-Todoey-resources.sh\"\n";
			showEnvVarsInLog = 0;
		};
		F253BF60582B31638F939C58 /* [CP] Check Pods Manifest.lock */ = {
			isa = PBXShellScriptBuildPhase;
			buildActionMask = 2147483647;
			files = (
			);
			inputPaths = (
				"${PODS_PODFILE_DIR_PATH}/Podfile.lock",
				"${PODS_ROOT}/Manifest.lock",
			);
			name = "[CP] Check Pods Manifest.lock";
			outputPaths = (
				"$(DERIVED_FILE_DIR)/Pods-Todoey-checkManifestLockResult.txt",
			);
			runOnlyForDeploymentPostprocessing = 0;
			shellPath = /bin/sh;
			shellScript = "diff \"${PODS_PODFILE_DIR_PATH}/Podfile.lock\" \"${PODS_ROOT}/Manifest.lock\" > /dev/null\nif [ $? != 0 ] ; then\n    # print error to STDERR\n    echo \"error: The sandbox is not in sync with the Podfile.lock. Run 'pod install' or update your CocoaPods installation.\" >&2\n    exit 1\nfi\n# This output is used by Xcode 'outputs' to avoid re-running this script phase.\necho \"SUCCESS\" > \"${SCRIPT_OUTPUT_FILE_0}\"\n";
			showEnvVarsInLog = 0;
		};
/* End PBXShellScriptBuildPhase section */

/* Begin PBXSourcesBuildPhase section */
		232ABAA52001930800F39B40 /* Sources */ = {
			isa = PBXSourcesBuildPhase;
			buildActionMask = 2147483647;
			files = (
				23145838200470900031DDD0 /* Item.swift in Sources */,
				232ABAE92002E34800F39B40 /* CategoryViewController.swift in Sources */,
				232ABAAF2001930800F39B40 /* TodoListViewController.swift in Sources */,
				232ABAAD2001930800F39B40 /* AppDelegate.swift in Sources */,
				2314583C20082B4A0031DDD0 /* SwipeTableViewController.swift in Sources */,
				2314583A2004709C0031DDD0 /* Category.swift in Sources */,
			);
			runOnlyForDeploymentPostprocessing = 0;
		};
/* End PBXSourcesBuildPhase section */

/* Begin PBXVariantGroup section */
		232ABAB02001930800F39B40 /* Main.storyboard */ = {
			isa = PBXVariantGroup;
			children = (
				232ABAB12001930800F39B40 /* Base */,
			);
			name = Main.storyboard;
			sourceTree = "<group>";
		};
		232ABAB52001930800F39B40 /* LaunchScreen.storyboard */ = {
			isa = PBXVariantGroup;
			children = (
				232ABAB62001930800F39B40 /* Base */,
			);
			name = LaunchScreen.storyboard;
			sourceTree = "<group>";
		};
/* End PBXVariantGroup section */

/* Begin XCBuildConfiguration section */
		232ABAB92001930800F39B40 /* Debug */ = {
			isa = XCBuildConfiguration;
			buildSettings = {
				ALWAYS_SEARCH_USER_PATHS = NO;
				CLANG_ANALYZER_NONNULL = YES;
				CLANG_ANALYZER_NUMBER_OBJECT_CONVERSION = YES_AGGRESSIVE;
				CLANG_CXX_LANGUAGE_STANDARD = "gnu++14";
				CLANG_CXX_LIBRARY = "libc++";
				CLANG_ENABLE_MODULES = YES;
				CLANG_ENABLE_OBJC_ARC = YES;
				CLANG_WARN_BLOCK_CAPTURE_AUTORELEASING = YES;
				CLANG_WARN_BOOL_CONVERSION = YES;
				CLANG_WARN_COMMA = YES;
				CLANG_WARN_CONSTANT_CONVERSION = YES;
				CLANG_WARN_DIRECT_OBJC_ISA_USAGE = YES_ERROR;
				CLANG_WARN_DOCUMENTATION_COMMENTS = YES;
				CLANG_WARN_EMPTY_BODY = YES;
				CLANG_WARN_ENUM_CONVERSION = YES;
				CLANG_WARN_INFINITE_RECURSION = YES;
				CLANG_WARN_INT_CONVERSION = YES;
				CLANG_WARN_NON_LITERAL_NULL_CONVERSION = YES;
				CLANG_WARN_OBJC_LITERAL_CONVERSION = YES;
				CLANG_WARN_OBJC_ROOT_CLASS = YES_ERROR;
				CLANG_WARN_RANGE_LOOP_ANALYSIS = YES;
				CLANG_WARN_STRICT_PROTOTYPES = YES;
				CLANG_WARN_SUSPICIOUS_MOVE = YES;
				CLANG_WARN_UNGUARDED_AVAILABILITY = YES_AGGRESSIVE;
				CLANG_WARN_UNREACHABLE_CODE = YES;
				CLANG_WARN__DUPLICATE_METHOD_MATCH = YES;
				CODE_SIGN_IDENTITY = "iPhone Developer";
				COPY_PHASE_STRIP = NO;
				DEBUG_INFORMATION_FORMAT = dwarf;
				ENABLE_STRICT_OBJC_MSGSEND = YES;
				ENABLE_TESTABILITY = YES;
				GCC_C_LANGUAGE_STANDARD = gnu11;
				GCC_DYNAMIC_NO_PIC = NO;
				GCC_NO_COMMON_BLOCKS = YES;
				GCC_OPTIMIZATION_LEVEL = 0;
				GCC_PREPROCESSOR_DEFINITIONS = (
					"DEBUG=1",
					"$(inherited)",
				);
				GCC_WARN_64_TO_32_BIT_CONVERSION = YES;
				GCC_WARN_ABOUT_RETURN_TYPE = YES_ERROR;
				GCC_WARN_UNDECLARED_SELECTOR = YES;
				GCC_WARN_UNINITIALIZED_AUTOS = YES_AGGRESSIVE;
				GCC_WARN_UNUSED_FUNCTION = YES;
				GCC_WARN_UNUSED_VARIABLE = YES;
				IPHONEOS_DEPLOYMENT_TARGET = 11.2;
				MTL_ENABLE_DEBUG_INFO = YES;
				ONLY_ACTIVE_ARCH = YES;
				SDKROOT = iphoneos;
				SWIFT_ACTIVE_COMPILATION_CONDITIONS = DEBUG;
				SWIFT_OPTIMIZATION_LEVEL = "-Onone";
			};
			name = Debug;
		};
		232ABABA2001930800F39B40 /* Release */ = {
			isa = XCBuildConfiguration;
			buildSettings = {
				ALWAYS_SEARCH_USER_PATHS = NO;
				CLANG_ANALYZER_NONNULL = YES;
				CLANG_ANALYZER_NUMBER_OBJECT_CONVERSION = YES_AGGRESSIVE;
				CLANG_CXX_LANGUAGE_STANDARD = "gnu++14";
				CLANG_CXX_LIBRARY = "libc++";
				CLANG_ENABLE_MODULES = YES;
				CLANG_ENABLE_OBJC_ARC = YES;
				CLANG_WARN_BLOCK_CAPTURE_AUTORELEASING = YES;
				CLANG_WARN_BOOL_CONVERSION = YES;
				CLANG_WARN_COMMA = YES;
				CLANG_WARN_CONSTANT_CONVERSION = YES;
				CLANG_WARN_DIRECT_OBJC_ISA_USAGE = YES_ERROR;
				CLANG_WARN_DOCUMENTATION_COMMENTS = YES;
				CLANG_WARN_EMPTY_BODY = YES;
				CLANG_WARN_ENUM_CONVERSION = YES;
				CLANG_WARN_INFINITE_RECURSION = YES;
				CLANG_WARN_INT_CONVERSION = YES;
				CLANG_WARN_NON_LITERAL_NULL_CONVERSION = YES;
				CLANG_WARN_OBJC_LITERAL_CONVERSION = YES;
				CLANG_WARN_OBJC_ROOT_CLASS = YES_ERROR;
				CLANG_WARN_RANGE_LOOP_ANALYSIS = YES;
				CLANG_WARN_STRICT_PROTOTYPES = YES;
				CLANG_WARN_SUSPICIOUS_MOVE = YES;
				CLANG_WARN_UNGUARDED_AVAILABILITY = YES_AGGRESSIVE;
				CLANG_WARN_UNREACHABLE_CODE = YES;
				CLANG_WARN__DUPLICATE_METHOD_MATCH = YES;
				CODE_SIGN_IDENTITY = "iPhone Developer";
				COPY_PHASE_STRIP = NO;
				DEBUG_INFORMATION_FORMAT = "dwarf-with-dsym";
				ENABLE_NS_ASSERTIONS = NO;
				ENABLE_STRICT_OBJC_MSGSEND = YES;
				GCC_C_LANGUAGE_STANDARD = gnu11;
				GCC_NO_COMMON_BLOCKS = YES;
				GCC_WARN_64_TO_32_BIT_CONVERSION = YES;
				GCC_WARN_ABOUT_RETURN_TYPE = YES_ERROR;
				GCC_WARN_UNDECLARED_SELECTOR = YES;
				GCC_WARN_UNINITIALIZED_AUTOS = YES_AGGRESSIVE;
				GCC_WARN_UNUSED_FUNCTION = YES;
				GCC_WARN_UNUSED_VARIABLE = YES;
				IPHONEOS_DEPLOYMENT_TARGET = 11.2;
				MTL_ENABLE_DEBUG_INFO = NO;
				SDKROOT = iphoneos;
				SWIFT_OPTIMIZATION_LEVEL = "-Owholemodule";
				VALIDATE_PRODUCT = YES;
			};
			name = Release;
		};
		232ABABC2001930800F39B40 /* Debug */ = {
			isa = XCBuildConfiguration;
			baseConfigurationReference = D8BE33D122D8BFE0D0F0499B /* Pods-Todoey.debug.xcconfig */;
			buildSettings = {
				ASSETCATALOG_COMPILER_APPICON_NAME = AppIcon;
				CODE_SIGN_STYLE = Automatic;
				DEVELOPMENT_TEAM = SNEH5VXBWB;
				INFOPLIST_FILE = Todoey/Info.plist;
				LD_RUNPATH_SEARCH_PATHS = "$(inherited) @executable_path/Frameworks";
				PRODUCT_BUNDLE_IDENTIFIER = com.jakeleesanders.Todoey;
				PRODUCT_NAME = "$(TARGET_NAME)";
				SWIFT_VERSION = 4.0;
				TARGETED_DEVICE_FAMILY = "1,2";
			};
			name = Debug;
		};
		232ABABD2001930800F39B40 /* Release */ = {
			isa = XCBuildConfiguration;
			baseConfigurationReference = 12C8149C32DD1B2FE2EB0CF4 /* Pods-Todoey.release.xcconfig */;
			buildSettings = {
				ASSETCATALOG_COMPILER_APPICON_NAME = AppIcon;
				CODE_SIGN_STYLE = Automatic;
				DEVELOPMENT_TEAM = SNEH5VXBWB;
				INFOPLIST_FILE = Todoey/Info.plist;
				LD_RUNPATH_SEARCH_PATHS = "$(inherited) @executable_path/Frameworks";
				PRODUCT_BUNDLE_IDENTIFIER = com.jakeleesanders.Todoey;
				PRODUCT_NAME = "$(TARGET_NAME)";
				SWIFT_VERSION = 4.0;
				TARGETED_DEVICE_FAMILY = "1,2";
			};
			name = Release;
		};
/* End XCBuildConfiguration section */

/* Begin XCConfigurationList section */
		232ABAA42001930800F39B40 /* Build configuration list for PBXProject "Todoey" */ = {
			isa = XCConfigurationList;
			buildConfigurations = (
				232ABAB92001930800F39B40 /* Debug */,
				232ABABA2001930800F39B40 /* Release */,
			);
			defaultConfigurationIsVisible = 0;
			defaultConfigurationName = Release;
		};
		232ABABB2001930800F39B40 /* Build configuration list for PBXNativeTarget "Todoey" */ = {
			isa = XCConfigurationList;
			buildConfigurations = (
				232ABABC2001930800F39B40 /* Debug */,
				232ABABD2001930800F39B40 /* Release */,
			);
			defaultConfigurationIsVisible = 0;
			defaultConfigurationName = Release;
		};
/* End XCConfigurationList section */
	};
	rootObject = 232ABAA12001930800F39B40 /* Project object */;
}
